{
  "name": "kc_backend_nodejs_web7",
  "lockfileVersion": 3,
  "requires": true,
  "packages": {
    "": {
      "devDependencies": {
        "repo": "^0.0.15"
      }
    },
    "node_modules/repo": {
      "version": "0.0.15",
      "resolved": "https://registry.npmjs.org/repo/-/repo-0.0.15.tgz",
      "integrity": "sha512-9E68HQ/Qxyo9totlZrzg0AryKSw/aDGsNw0TbRk8gCnfh9Luc1y+1ws06tNMzrrA3LDlysfqP55gvj1H49a58Q==",
      "dev": true
    }
  }
}
